// !$*UTF8*$!
{
	archiveVersion = 1;
	classes = {
	};
	objectVersion = 46;
	objects = {

/* Begin PBXBuildFile section */
		63689DDF1BA2C33600BF8003 /* TestObject.swift in Sources */ = {isa = PBXBuildFile; fileRef = 63689DDE1BA2C33600BF8003 /* TestObject.swift */; };
		63B166051BA160B300E7F59A /* Bolts.framework in Frameworks */ = {isa = PBXBuildFile; fileRef = 63B165FE1BA160B300E7F59A /* Bolts.framework */; };
		63B166061BA160B300E7F59A /* Parse.framework in Frameworks */ = {isa = PBXBuildFile; fileRef = 63B165FF1BA160B300E7F59A /* Parse.framework */; };
		63B166071BA160B300E7F59A /* ParseCrashReporting.framework in Frameworks */ = {isa = PBXBuildFile; fileRef = 63B166001BA160B300E7F59A /* ParseCrashReporting.framework */; };
		63B166081BA160B300E7F59A /* ParseFacebookUtils.framework in Frameworks */ = {isa = PBXBuildFile; fileRef = 63B166011BA160B300E7F59A /* ParseFacebookUtils.framework */; };
		63B166091BA160B300E7F59A /* ParseFacebookUtilsV4.framework in Frameworks */ = {isa = PBXBuildFile; fileRef = 63B166021BA160B300E7F59A /* ParseFacebookUtilsV4.framework */; };
		63B1660A1BA160B300E7F59A /* ParseTwitterUtils.framework in Frameworks */ = {isa = PBXBuildFile; fileRef = 63B166031BA160B300E7F59A /* ParseTwitterUtils.framework */; };
		63B1660B1BA160B300E7F59A /* ParseUI.framework in Frameworks */ = {isa = PBXBuildFile; fileRef = 63B166041BA160B300E7F59A /* ParseUI.framework */; };
		63D863C71BA191CF0084822D /* AudioToolbox.framework in Frameworks */ = {isa = PBXBuildFile; fileRef = 63D863C61BA191CF0084822D /* AudioToolbox.framework */; };
		63D863C91BA191D90084822D /* CFNetwork.framework in Frameworks */ = {isa = PBXBuildFile; fileRef = 63D863C81BA191D90084822D /* CFNetwork.framework */; };
		63D863CB1BA191E50084822D /* CoreGraphics.framework in Frameworks */ = {isa = PBXBuildFile; fileRef = 63D863CA1BA191E50084822D /* CoreGraphics.framework */; };
		63D863CD1BA191F50084822D /* CoreLocation.framework in Frameworks */ = {isa = PBXBuildFile; fileRef = 63D863CC1BA191F50084822D /* CoreLocation.framework */; };
		63D863CF1BA192010084822D /* MobileCoreServices.framework in Frameworks */ = {isa = PBXBuildFile; fileRef = 63D863CE1BA192010084822D /* MobileCoreServices.framework */; };
		63D863D11BA192190084822D /* QuartzCore.framework in Frameworks */ = {isa = PBXBuildFile; fileRef = 63D863D01BA192190084822D /* QuartzCore.framework */; };
		63D863D31BA192220084822D /* Security.framework in Frameworks */ = {isa = PBXBuildFile; fileRef = 63D863D21BA192220084822D /* Security.framework */; };
		63D863D51BA1922D0084822D /* StoreKit.framework in Frameworks */ = {isa = PBXBuildFile; fileRef = 63D863D41BA1922D0084822D /* StoreKit.framework */; };
		63D863D71BA1923A0084822D /* SystemConfiguration.framework in Frameworks */ = {isa = PBXBuildFile; fileRef = 63D863D61BA1923A0084822D /* SystemConfiguration.framework */; };
		63D863D91BA192490084822D /* libz.dylib in Frameworks */ = {isa = PBXBuildFile; fileRef = 63D863D81BA192490084822D /* libz.dylib */; };
		63D863DB1BA192580084822D /* libsqlite3.dylib in Frameworks */ = {isa = PBXBuildFile; fileRef = 63D863DA1BA192580084822D /* libsqlite3.dylib */; };
		F545E5091B2CE7F000B0A26F /* AsyncButton.swift in Sources */ = {isa = PBXBuildFile; fileRef = F545E4EB1B2CE7F000B0A26F /* AsyncButton.swift */; };
		F545E50A1B2CE7F000B0A26F /* AsyncImageView.swift in Sources */ = {isa = PBXBuildFile; fileRef = F545E4EC1B2CE7F000B0A26F /* AsyncImageView.swift */; };
		F545E50B1B2CE7F000B0A26F /* AutoTextView.swift in Sources */ = {isa = PBXBuildFile; fileRef = F545E4ED1B2CE7F000B0A26F /* AutoTextView.swift */; };
		F545E50C1B2CE7F000B0A26F /* BlurView.swift in Sources */ = {isa = PBXBuildFile; fileRef = F545E4EE1B2CE7F000B0A26F /* BlurView.swift */; };
		F545E50D1B2CE7F000B0A26F /* DesignableButton.swift in Sources */ = {isa = PBXBuildFile; fileRef = F545E4EF1B2CE7F000B0A26F /* DesignableButton.swift */; };
		F545E50E1B2CE7F000B0A26F /* DesignableImageView.swift in Sources */ = {isa = PBXBuildFile; fileRef = F545E4F01B2CE7F000B0A26F /* DesignableImageView.swift */; };
		F545E50F1B2CE7F000B0A26F /* DesignableLabel.swift in Sources */ = {isa = PBXBuildFile; fileRef = F545E4F11B2CE7F000B0A26F /* DesignableLabel.swift */; };
		F545E5101B2CE7F000B0A26F /* DesignableTabBarController.swift in Sources */ = {isa = PBXBuildFile; fileRef = F545E4F21B2CE7F000B0A26F /* DesignableTabBarController.swift */; };
		F545E5111B2CE7F000B0A26F /* DesignableTextField.swift in Sources */ = {isa = PBXBuildFile; fileRef = F545E4F31B2CE7F000B0A26F /* DesignableTextField.swift */; };
		F545E5121B2CE7F000B0A26F /* DesignableTextView.swift in Sources */ = {isa = PBXBuildFile; fileRef = F545E4F41B2CE7F000B0A26F /* DesignableTextView.swift */; };
		F545E5131B2CE7F000B0A26F /* DesignableView.swift in Sources */ = {isa = PBXBuildFile; fileRef = F545E4F51B2CE7F000B0A26F /* DesignableView.swift */; };
		F545E5141B2CE7F000B0A26F /* ImageLoader.swift in Sources */ = {isa = PBXBuildFile; fileRef = F545E4F61B2CE7F000B0A26F /* ImageLoader.swift */; };
		F545E5151B2CE7F000B0A26F /* Info.plist in Resources */ = {isa = PBXBuildFile; fileRef = F545E4F71B2CE7F000B0A26F /* Info.plist */; };
		F545E5161B2CE7F000B0A26F /* KeyboardLayoutConstraint.swift in Sources */ = {isa = PBXBuildFile; fileRef = F545E4F81B2CE7F000B0A26F /* KeyboardLayoutConstraint.swift */; };
		F545E5171B2CE7F000B0A26F /* LoadingView.swift in Sources */ = {isa = PBXBuildFile; fileRef = F545E4F91B2CE7F000B0A26F /* LoadingView.swift */; };
		F545E5181B2CE7F000B0A26F /* LoadingView.xib in Resources */ = {isa = PBXBuildFile; fileRef = F545E4FA1B2CE7F000B0A26F /* LoadingView.xib */; };
		F545E5191B2CE7F000B0A26F /* Misc.swift in Sources */ = {isa = PBXBuildFile; fileRef = F545E4FB1B2CE7F000B0A26F /* Misc.swift */; };
		F545E51A1B2CE7F000B0A26F /* SoundPlayer.swift in Sources */ = {isa = PBXBuildFile; fileRef = F545E4FC1B2CE7F000B0A26F /* SoundPlayer.swift */; };
		F545E51B1B2CE7F000B0A26F /* Spring.swift in Sources */ = {isa = PBXBuildFile; fileRef = F545E4FE1B2CE7F000B0A26F /* Spring.swift */; };
		F545E51C1B2CE7F000B0A26F /* SpringAnimation.swift in Sources */ = {isa = PBXBuildFile; fileRef = F545E4FF1B2CE7F000B0A26F /* SpringAnimation.swift */; };
		F545E51D1B2CE7F000B0A26F /* SpringButton.swift in Sources */ = {isa = PBXBuildFile; fileRef = F545E5001B2CE7F000B0A26F /* SpringButton.swift */; };
		F545E51E1B2CE7F000B0A26F /* SpringImageView.swift in Sources */ = {isa = PBXBuildFile; fileRef = F545E5011B2CE7F000B0A26F /* SpringImageView.swift */; };
		F545E51F1B2CE7F000B0A26F /* SpringLabel.swift in Sources */ = {isa = PBXBuildFile; fileRef = F545E5021B2CE7F000B0A26F /* SpringLabel.swift */; };
		F545E5201B2CE7F000B0A26F /* SpringTextField.swift in Sources */ = {isa = PBXBuildFile; fileRef = F545E5031B2CE7F000B0A26F /* SpringTextField.swift */; };
		F545E5211B2CE7F000B0A26F /* SpringTextView.swift in Sources */ = {isa = PBXBuildFile; fileRef = F545E5041B2CE7F000B0A26F /* SpringTextView.swift */; };
		F545E5221B2CE7F000B0A26F /* SpringView.swift in Sources */ = {isa = PBXBuildFile; fileRef = F545E5051B2CE7F000B0A26F /* SpringView.swift */; };
		F545E5231B2CE7F000B0A26F /* TransitionManager.swift in Sources */ = {isa = PBXBuildFile; fileRef = F545E5061B2CE7F000B0A26F /* TransitionManager.swift */; };
		F545E5241B2CE7F000B0A26F /* TransitionZoom.swift in Sources */ = {isa = PBXBuildFile; fileRef = F545E5071B2CE7F000B0A26F /* TransitionZoom.swift */; };
		F545E5251B2CE7F000B0A26F /* UnwindSegue.swift in Sources */ = {isa = PBXBuildFile; fileRef = F545E5081B2CE7F000B0A26F /* UnwindSegue.swift */; };
		F545E5281B2CEB7200B0A26F /* Post.swift in Sources */ = {isa = PBXBuildFile; fileRef = F545E5261B2CEB7200B0A26F /* Post.swift */; };
		F545E5291B2CEB7200B0A26F /* User.swift in Sources */ = {isa = PBXBuildFile; fileRef = F545E5271B2CEB7200B0A26F /* User.swift */; };
		F545E52B1B2CECDB00B0A26F /* PostTableViewCell.swift in Sources */ = {isa = PBXBuildFile; fileRef = F545E52A1B2CECDB00B0A26F /* PostTableViewCell.swift */; };
		F55772411B2C65C100DF2649 /* AppDelegate.swift in Sources */ = {isa = PBXBuildFile; fileRef = F55772401B2C65C100DF2649 /* AppDelegate.swift */; };
		F55772461B2C65C100DF2649 /* Main.storyboard in Resources */ = {isa = PBXBuildFile; fileRef = F55772441B2C65C100DF2649 /* Main.storyboard */; };
		F55772481B2C65C100DF2649 /* Assets.xcassets in Resources */ = {isa = PBXBuildFile; fileRef = F55772471B2C65C100DF2649 /* Assets.xcassets */; };
		F557724B1B2C65C100DF2649 /* LaunchScreen.storyboard in Resources */ = {isa = PBXBuildFile; fileRef = F55772491B2C65C100DF2649 /* LaunchScreen.storyboard */; };
		F55772561B2C65C100DF2649 /* InterestsTests.swift in Sources */ = {isa = PBXBuildFile; fileRef = F55772551B2C65C100DF2649 /* InterestsTests.swift */; };
		F55772611B2C65C100DF2649 /* InterestsUITests.swift in Sources */ = {isa = PBXBuildFile; fileRef = F55772601B2C65C100DF2649 /* InterestsUITests.swift */; };
		F557726F1B2C661100DF2649 /* HomeViewController.swift in Sources */ = {isa = PBXBuildFile; fileRef = F557726E1B2C661100DF2649 /* HomeViewController.swift */; };
		F55772711B2C6A5400DF2649 /* Interest.swift in Sources */ = {isa = PBXBuildFile; fileRef = F55772701B2C6A5400DF2649 /* Interest.swift */; };
		F55772751B2C6C4300DF2649 /* InterestCollectionViewCell.swift in Sources */ = {isa = PBXBuildFile; fileRef = F55772741B2C6C4300DF2649 /* InterestCollectionViewCell.swift */; };
		F55772771B2C8E9A00DF2649 /* InterestHeaderView.swift in Sources */ = {isa = PBXBuildFile; fileRef = F55772761B2C8E9A00DF2649 /* InterestHeaderView.swift */; };
		F557727A1B2C913D00DF2649 /* InterestViewController.swift in Sources */ = {isa = PBXBuildFile; fileRef = F55772791B2C913D00DF2649 /* InterestViewController.swift */; };
		F57CD37B1B2E151C00A51768 /* AnimationController.swift in Sources */ = {isa = PBXBuildFile; fileRef = F57CD3701B2E151C00A51768 /* AnimationController.swift */; };
		F57CD37C1B2E151C00A51768 /* ImageAction.swift in Sources */ = {isa = PBXBuildFile; fileRef = F57CD3711B2E151C00A51768 /* ImageAction.swift */; };
		F57CD37D1B2E151C00A51768 /* ImageCollectionViewCell.swift in Sources */ = {isa = PBXBuildFile; fileRef = F57CD3721B2E151C00A51768 /* ImageCollectionViewCell.swift */; };
		F57CD37E1B2E151C00A51768 /* ImagePickerCollectionView.swift in Sources */ = {isa = PBXBuildFile; fileRef = F57CD3731B2E151C00A51768 /* ImagePickerCollectionView.swift */; };
		F57CD37F1B2E151C00A51768 /* ImagePickerSheetController.swift in Sources */ = {isa = PBXBuildFile; fileRef = F57CD3751B2E151C00A51768 /* ImagePickerSheetController.swift */; };
		F57CD3801B2E151C00A51768 /* ImagePreviewFlowLayout.swift in Sources */ = {isa = PBXBuildFile; fileRef = F57CD3761B2E151C00A51768 /* ImagePreviewFlowLayout.swift */; };
		F57CD3811B2E151C00A51768 /* ImagePreviewTableViewCell.swift in Sources */ = {isa = PBXBuildFile; fileRef = F57CD3771B2E151C00A51768 /* ImagePreviewTableViewCell.swift */; };
		F57CD3821B2E151C00A51768 /* Images.xcassets in Resources */ = {isa = PBXBuildFile; fileRef = F57CD3781B2E151C00A51768 /* Images.xcassets */; };
		F57CD3831B2E151C00A51768 /* Info.plist in Resources */ = {isa = PBXBuildFile; fileRef = F57CD3791B2E151C00A51768 /* Info.plist */; };
		F57CD3841B2E151C00A51768 /* PreviewSupplementaryView.swift in Sources */ = {isa = PBXBuildFile; fileRef = F57CD37A1B2E151C00A51768 /* PreviewSupplementaryView.swift */; };
		F57CD3881B2E4BE300A51768 /* ActionButton.swift in Sources */ = {isa = PBXBuildFile; fileRef = F57CD3861B2E4BE300A51768 /* ActionButton.swift */; };
		F57CD3891B2E4BE300A51768 /* ActionButtonItem.swift in Sources */ = {isa = PBXBuildFile; fileRef = F57CD3871B2E4BE300A51768 /* ActionButtonItem.swift */; };
		F59BF0CC1B2E5F6900D283DF /* Comment.swift in Sources */ = {isa = PBXBuildFile; fileRef = F59BF0CB1B2E5F6900D283DF /* Comment.swift */; };
		F59BF0CE1B2E5FA900D283DF /* CommentsViewController.swift in Sources */ = {isa = PBXBuildFile; fileRef = F59BF0CD1B2E5FA900D283DF /* CommentsViewController.swift */; };
		F59BF0D11B2E639C00D283DF /* CommentTableViewCell.swift in Sources */ = {isa = PBXBuildFile; fileRef = F59BF0D01B2E639C00D283DF /* CommentTableViewCell.swift */; };
		F59BF0D31B2E749B00D283DF /* NewCommentViewController.swift in Sources */ = {isa = PBXBuildFile; fileRef = F59BF0D21B2E749B00D283DF /* NewCommentViewController.swift */; };
		F5BF25321B2F3736002CE1C8 /* NewInterestViewController.swift in Sources */ = {isa = PBXBuildFile; fileRef = F5BF25311B2F3736002CE1C8 /* NewInterestViewController.swift */; };
		F5D3F8941B2F9987002728E3 /* SlideRightTransitionAnimator.swift in Sources */ = {isa = PBXBuildFile; fileRef = F5D3F8931B2F9987002728E3 /* SlideRightTransitionAnimator.swift */; };
		F5D3F8971B2FADEA002728E3 /* PopTransitionAnimator.swift in Sources */ = {isa = PBXBuildFile; fileRef = F5D3F8961B2FADEA002728E3 /* PopTransitionAnimator.swift */; };
		F5D3F8991B2FB5BE002728E3 /* SlideRightThenPopTransitionAnimator.swift in Sources */ = {isa = PBXBuildFile; fileRef = F5D3F8981B2FB5BE002728E3 /* SlideRightThenPopTransitionAnimator.swift */; };
		F5D3F89B1B306542002728E3 /* CardView.swift in Sources */ = {isa = PBXBuildFile; fileRef = F5D3F89A1B306542002728E3 /* CardView.swift */; };
		F5D3F89D1B306716002728E3 /* InterestButton.swift in Sources */ = {isa = PBXBuildFile; fileRef = F5D3F89C1B306716002728E3 /* InterestButton.swift */; };
		F5D3F8A01B306A20002728E3 /* DiscoverTableViewCell.swift in Sources */ = {isa = PBXBuildFile; fileRef = F5D3F89F1B306A20002728E3 /* DiscoverTableViewCell.swift */; };
		F5D3F8A21B306F5A002728E3 /* DiscoverViewController.swift in Sources */ = {isa = PBXBuildFile; fileRef = F5D3F8A11B306F5A002728E3 /* DiscoverViewController.swift */; };
		F5D64B5D1B2DF51800B0459D /* NewPostViewController.swift in Sources */ = {isa = PBXBuildFile; fileRef = F5D64B5C1B2DF51700B0459D /* NewPostViewController.swift */; };
/* End PBXBuildFile section */

/* Begin PBXContainerItemProxy section */
		F55772521B2C65C100DF2649 /* PBXContainerItemProxy */ = {
			isa = PBXContainerItemProxy;
			containerPortal = F55772351B2C65C100DF2649 /* Project object */;
			proxyType = 1;
			remoteGlobalIDString = F557723C1B2C65C100DF2649;
			remoteInfo = Interests;
		};
		F557725D1B2C65C100DF2649 /* PBXContainerItemProxy */ = {
			isa = PBXContainerItemProxy;
			containerPortal = F55772351B2C65C100DF2649 /* Project object */;
			proxyType = 1;
			remoteGlobalIDString = F557723C1B2C65C100DF2649;
			remoteInfo = Interests;
		};
/* End PBXContainerItemProxy section */

/* Begin PBXFileReference section */
		63689DDE1BA2C33600BF8003 /* TestObject.swift */ = {isa = PBXFileReference; fileEncoding = 4; lastKnownFileType = sourcecode.swift; path = TestObject.swift; sourceTree = "<group>"; };
		63B165FE1BA160B300E7F59A /* Bolts.framework */ = {isa = PBXFileReference; lastKnownFileType = wrapper.framework; path = Bolts.framework; sourceTree = "<group>"; };
		63B165FF1BA160B300E7F59A /* Parse.framework */ = {isa = PBXFileReference; lastKnownFileType = wrapper.framework; path = Parse.framework; sourceTree = "<group>"; };
		63B166001BA160B300E7F59A /* ParseCrashReporting.framework */ = {isa = PBXFileReference; lastKnownFileType = wrapper.framework; path = ParseCrashReporting.framework; sourceTree = "<group>"; };
		63B166011BA160B300E7F59A /* ParseFacebookUtils.framework */ = {isa = PBXFileReference; lastKnownFileType = wrapper.framework; path = ParseFacebookUtils.framework; sourceTree = "<group>"; };
		63B166021BA160B300E7F59A /* ParseFacebookUtilsV4.framework */ = {isa = PBXFileReference; lastKnownFileType = wrapper.framework; path = ParseFacebookUtilsV4.framework; sourceTree = "<group>"; };
		63B166031BA160B300E7F59A /* ParseTwitterUtils.framework */ = {isa = PBXFileReference; lastKnownFileType = wrapper.framework; path = ParseTwitterUtils.framework; sourceTree = "<group>"; };
		63B166041BA160B300E7F59A /* ParseUI.framework */ = {isa = PBXFileReference; lastKnownFileType = wrapper.framework; path = ParseUI.framework; sourceTree = "<group>"; };
		63D863C61BA191CF0084822D /* AudioToolbox.framework */ = {isa = PBXFileReference; lastKnownFileType = wrapper.framework; name = AudioToolbox.framework; path = System/Library/Frameworks/AudioToolbox.framework; sourceTree = SDKROOT; };
		63D863C81BA191D90084822D /* CFNetwork.framework */ = {isa = PBXFileReference; lastKnownFileType = wrapper.framework; name = CFNetwork.framework; path = System/Library/Frameworks/CFNetwork.framework; sourceTree = SDKROOT; };
		63D863CA1BA191E50084822D /* CoreGraphics.framework */ = {isa = PBXFileReference; lastKnownFileType = wrapper.framework; name = CoreGraphics.framework; path = System/Library/Frameworks/CoreGraphics.framework; sourceTree = SDKROOT; };
		63D863CC1BA191F50084822D /* CoreLocation.framework */ = {isa = PBXFileReference; lastKnownFileType = wrapper.framework; name = CoreLocation.framework; path = System/Library/Frameworks/CoreLocation.framework; sourceTree = SDKROOT; };
		63D863CE1BA192010084822D /* MobileCoreServices.framework */ = {isa = PBXFileReference; lastKnownFileType = wrapper.framework; name = MobileCoreServices.framework; path = System/Library/Frameworks/MobileCoreServices.framework; sourceTree = SDKROOT; };
		63D863D01BA192190084822D /* QuartzCore.framework */ = {isa = PBXFileReference; lastKnownFileType = wrapper.framework; name = QuartzCore.framework; path = System/Library/Frameworks/QuartzCore.framework; sourceTree = SDKROOT; };
		63D863D21BA192220084822D /* Security.framework */ = {isa = PBXFileReference; lastKnownFileType = wrapper.framework; name = Security.framework; path = System/Library/Frameworks/Security.framework; sourceTree = SDKROOT; };
		63D863D41BA1922D0084822D /* StoreKit.framework */ = {isa = PBXFileReference; lastKnownFileType = wrapper.framework; name = StoreKit.framework; path = System/Library/Frameworks/StoreKit.framework; sourceTree = SDKROOT; };
		63D863D61BA1923A0084822D /* SystemConfiguration.framework */ = {isa = PBXFileReference; lastKnownFileType = wrapper.framework; name = SystemConfiguration.framework; path = System/Library/Frameworks/SystemConfiguration.framework; sourceTree = SDKROOT; };
		63D863D81BA192490084822D /* libz.dylib */ = {isa = PBXFileReference; lastKnownFileType = "compiled.mach-o.dylib"; name = libz.dylib; path = usr/lib/libz.dylib; sourceTree = SDKROOT; };
		63D863DA1BA192580084822D /* libsqlite3.dylib */ = {isa = PBXFileReference; lastKnownFileType = "compiled.mach-o.dylib"; name = libsqlite3.dylib; path = usr/lib/libsqlite3.dylib; sourceTree = SDKROOT; };
		F545E4EB1B2CE7F000B0A26F /* AsyncButton.swift */ = {isa = PBXFileReference; fileEncoding = 4; lastKnownFileType = sourcecode.swift; path = AsyncButton.swift; sourceTree = "<group>"; };
		F545E4EC1B2CE7F000B0A26F /* AsyncImageView.swift */ = {isa = PBXFileReference; fileEncoding = 4; lastKnownFileType = sourcecode.swift; path = AsyncImageView.swift; sourceTree = "<group>"; };
		F545E4ED1B2CE7F000B0A26F /* AutoTextView.swift */ = {isa = PBXFileReference; fileEncoding = 4; lastKnownFileType = sourcecode.swift; path = AutoTextView.swift; sourceTree = "<group>"; };
		F545E4EE1B2CE7F000B0A26F /* BlurView.swift */ = {isa = PBXFileReference; fileEncoding = 4; lastKnownFileType = sourcecode.swift; path = BlurView.swift; sourceTree = "<group>"; };
		F545E4EF1B2CE7F000B0A26F /* DesignableButton.swift */ = {isa = PBXFileReference; fileEncoding = 4; lastKnownFileType = sourcecode.swift; path = DesignableButton.swift; sourceTree = "<group>"; };
		F545E4F01B2CE7F000B0A26F /* DesignableImageView.swift */ = {isa = PBXFileReference; fileEncoding = 4; lastKnownFileType = sourcecode.swift; path = DesignableImageView.swift; sourceTree = "<group>"; };
		F545E4F11B2CE7F000B0A26F /* DesignableLabel.swift */ = {isa = PBXFileReference; fileEncoding = 4; lastKnownFileType = sourcecode.swift; path = DesignableLabel.swift; sourceTree = "<group>"; };
		F545E4F21B2CE7F000B0A26F /* DesignableTabBarController.swift */ = {isa = PBXFileReference; fileEncoding = 4; lastKnownFileType = sourcecode.swift; path = DesignableTabBarController.swift; sourceTree = "<group>"; };
		F545E4F31B2CE7F000B0A26F /* DesignableTextField.swift */ = {isa = PBXFileReference; fileEncoding = 4; lastKnownFileType = sourcecode.swift; path = DesignableTextField.swift; sourceTree = "<group>"; };
		F545E4F41B2CE7F000B0A26F /* DesignableTextView.swift */ = {isa = PBXFileReference; fileEncoding = 4; lastKnownFileType = sourcecode.swift; path = DesignableTextView.swift; sourceTree = "<group>"; };
		F545E4F51B2CE7F000B0A26F /* DesignableView.swift */ = {isa = PBXFileReference; fileEncoding = 4; lastKnownFileType = sourcecode.swift; path = DesignableView.swift; sourceTree = "<group>"; };
		F545E4F61B2CE7F000B0A26F /* ImageLoader.swift */ = {isa = PBXFileReference; fileEncoding = 4; lastKnownFileType = sourcecode.swift; path = ImageLoader.swift; sourceTree = "<group>"; };
		F545E4F71B2CE7F000B0A26F /* Info.plist */ = {isa = PBXFileReference; fileEncoding = 4; lastKnownFileType = text.plist.xml; path = Info.plist; sourceTree = "<group>"; };
		F545E4F81B2CE7F000B0A26F /* KeyboardLayoutConstraint.swift */ = {isa = PBXFileReference; fileEncoding = 4; lastKnownFileType = sourcecode.swift; path = KeyboardLayoutConstraint.swift; sourceTree = "<group>"; };
		F545E4F91B2CE7F000B0A26F /* LoadingView.swift */ = {isa = PBXFileReference; fileEncoding = 4; lastKnownFileType = sourcecode.swift; path = LoadingView.swift; sourceTree = "<group>"; };
		F545E4FA1B2CE7F000B0A26F /* LoadingView.xib */ = {isa = PBXFileReference; fileEncoding = 4; lastKnownFileType = file.xib; path = LoadingView.xib; sourceTree = "<group>"; };
		F545E4FB1B2CE7F000B0A26F /* Misc.swift */ = {isa = PBXFileReference; fileEncoding = 4; lastKnownFileType = sourcecode.swift; path = Misc.swift; sourceTree = "<group>"; };
		F545E4FC1B2CE7F000B0A26F /* SoundPlayer.swift */ = {isa = PBXFileReference; fileEncoding = 4; lastKnownFileType = sourcecode.swift; path = SoundPlayer.swift; sourceTree = "<group>"; };
		F545E4FD1B2CE7F000B0A26F /* Spring.h */ = {isa = PBXFileReference; fileEncoding = 4; lastKnownFileType = sourcecode.c.h; path = Spring.h; sourceTree = "<group>"; };
		F545E4FE1B2CE7F000B0A26F /* Spring.swift */ = {isa = PBXFileReference; fileEncoding = 4; lastKnownFileType = sourcecode.swift; path = Spring.swift; sourceTree = "<group>"; };
		F545E4FF1B2CE7F000B0A26F /* SpringAnimation.swift */ = {isa = PBXFileReference; fileEncoding = 4; lastKnownFileType = sourcecode.swift; path = SpringAnimation.swift; sourceTree = "<group>"; };
		F545E5001B2CE7F000B0A26F /* SpringButton.swift */ = {isa = PBXFileReference; fileEncoding = 4; lastKnownFileType = sourcecode.swift; path = SpringButton.swift; sourceTree = "<group>"; };
		F545E5011B2CE7F000B0A26F /* SpringImageView.swift */ = {isa = PBXFileReference; fileEncoding = 4; lastKnownFileType = sourcecode.swift; path = SpringImageView.swift; sourceTree = "<group>"; };
		F545E5021B2CE7F000B0A26F /* SpringLabel.swift */ = {isa = PBXFileReference; fileEncoding = 4; lastKnownFileType = sourcecode.swift; path = SpringLabel.swift; sourceTree = "<group>"; };
		F545E5031B2CE7F000B0A26F /* SpringTextField.swift */ = {isa = PBXFileReference; fileEncoding = 4; lastKnownFileType = sourcecode.swift; path = SpringTextField.swift; sourceTree = "<group>"; };
		F545E5041B2CE7F000B0A26F /* SpringTextView.swift */ = {isa = PBXFileReference; fileEncoding = 4; lastKnownFileType = sourcecode.swift; path = SpringTextView.swift; sourceTree = "<group>"; };
		F545E5051B2CE7F000B0A26F /* SpringView.swift */ = {isa = PBXFileReference; fileEncoding = 4; lastKnownFileType = sourcecode.swift; path = SpringView.swift; sourceTree = "<group>"; };
		F545E5061B2CE7F000B0A26F /* TransitionManager.swift */ = {isa = PBXFileReference; fileEncoding = 4; lastKnownFileType = sourcecode.swift; path = TransitionManager.swift; sourceTree = "<group>"; };
		F545E5071B2CE7F000B0A26F /* TransitionZoom.swift */ = {isa = PBXFileReference; fileEncoding = 4; lastKnownFileType = sourcecode.swift; path = TransitionZoom.swift; sourceTree = "<group>"; };
		F545E5081B2CE7F000B0A26F /* UnwindSegue.swift */ = {isa = PBXFileReference; fileEncoding = 4; lastKnownFileType = sourcecode.swift; path = UnwindSegue.swift; sourceTree = "<group>"; };
		F545E5261B2CEB7200B0A26F /* Post.swift */ = {isa = PBXFileReference; fileEncoding = 4; lastKnownFileType = sourcecode.swift; path = Post.swift; sourceTree = "<group>"; };
		F545E5271B2CEB7200B0A26F /* User.swift */ = {isa = PBXFileReference; fileEncoding = 4; lastKnownFileType = sourcecode.swift; path = User.swift; sourceTree = "<group>"; };
		F545E52A1B2CECDB00B0A26F /* PostTableViewCell.swift */ = {isa = PBXFileReference; fileEncoding = 4; lastKnownFileType = sourcecode.swift; path = PostTableViewCell.swift; sourceTree = "<group>"; };
		F557723D1B2C65C100DF2649 /* Interests.app */ = {isa = PBXFileReference; explicitFileType = wrapper.application; includeInIndex = 0; path = Interests.app; sourceTree = BUILT_PRODUCTS_DIR; };
		F55772401B2C65C100DF2649 /* AppDelegate.swift */ = {isa = PBXFileReference; lastKnownFileType = sourcecode.swift; path = AppDelegate.swift; sourceTree = "<group>"; };
		F55772451B2C65C100DF2649 /* Base */ = {isa = PBXFileReference; lastKnownFileType = file.storyboard; name = Base; path = Base.lproj/Main.storyboard; sourceTree = "<group>"; };
		F55772471B2C65C100DF2649 /* Assets.xcassets */ = {isa = PBXFileReference; lastKnownFileType = folder.assetcatalog; path = Assets.xcassets; sourceTree = "<group>"; };
		F557724A1B2C65C100DF2649 /* Base */ = {isa = PBXFileReference; lastKnownFileType = file.storyboard; name = Base; path = Base.lproj/LaunchScreen.storyboard; sourceTree = "<group>"; };
		F557724C1B2C65C100DF2649 /* Info.plist */ = {isa = PBXFileReference; lastKnownFileType = text.plist.xml; path = Info.plist; sourceTree = "<group>"; };
		F55772511B2C65C100DF2649 /* InterestsTests.xctest */ = {isa = PBXFileReference; explicitFileType = wrapper.cfbundle; includeInIndex = 0; path = InterestsTests.xctest; sourceTree = BUILT_PRODUCTS_DIR; };
		F55772551B2C65C100DF2649 /* InterestsTests.swift */ = {isa = PBXFileReference; lastKnownFileType = sourcecode.swift; path = InterestsTests.swift; sourceTree = "<group>"; };
		F55772571B2C65C100DF2649 /* Info.plist */ = {isa = PBXFileReference; lastKnownFileType = text.plist.xml; path = Info.plist; sourceTree = "<group>"; };
		F557725C1B2C65C100DF2649 /* InterestsUITests.xctest */ = {isa = PBXFileReference; explicitFileType = wrapper.cfbundle; includeInIndex = 0; path = InterestsUITests.xctest; sourceTree = BUILT_PRODUCTS_DIR; };
		F55772601B2C65C100DF2649 /* InterestsUITests.swift */ = {isa = PBXFileReference; lastKnownFileType = sourcecode.swift; path = InterestsUITests.swift; sourceTree = "<group>"; };
		F55772621B2C65C100DF2649 /* Info.plist */ = {isa = PBXFileReference; lastKnownFileType = text.plist.xml; path = Info.plist; sourceTree = "<group>"; };
		F557726E1B2C661100DF2649 /* HomeViewController.swift */ = {isa = PBXFileReference; fileEncoding = 4; lastKnownFileType = sourcecode.swift; path = HomeViewController.swift; sourceTree = "<group>"; };
		F55772701B2C6A5400DF2649 /* Interest.swift */ = {isa = PBXFileReference; fileEncoding = 4; lastKnownFileType = sourcecode.swift; path = Interest.swift; sourceTree = "<group>"; };
		F55772741B2C6C4300DF2649 /* InterestCollectionViewCell.swift */ = {isa = PBXFileReference; fileEncoding = 4; lastKnownFileType = sourcecode.swift; path = InterestCollectionViewCell.swift; sourceTree = "<group>"; };
		F55772761B2C8E9A00DF2649 /* InterestHeaderView.swift */ = {isa = PBXFileReference; fileEncoding = 4; lastKnownFileType = sourcecode.swift; path = InterestHeaderView.swift; sourceTree = "<group>"; };
		F55772791B2C913D00DF2649 /* InterestViewController.swift */ = {isa = PBXFileReference; fileEncoding = 4; lastKnownFileType = sourcecode.swift; path = InterestViewController.swift; sourceTree = "<group>"; };
		F57CD3701B2E151C00A51768 /* AnimationController.swift */ = {isa = PBXFileReference; fileEncoding = 4; lastKnownFileType = sourcecode.swift; path = AnimationController.swift; sourceTree = "<group>"; };
		F57CD3711B2E151C00A51768 /* ImageAction.swift */ = {isa = PBXFileReference; fileEncoding = 4; lastKnownFileType = sourcecode.swift; path = ImageAction.swift; sourceTree = "<group>"; };
		F57CD3721B2E151C00A51768 /* ImageCollectionViewCell.swift */ = {isa = PBXFileReference; fileEncoding = 4; lastKnownFileType = sourcecode.swift; path = ImageCollectionViewCell.swift; sourceTree = "<group>"; };
		F57CD3731B2E151C00A51768 /* ImagePickerCollectionView.swift */ = {isa = PBXFileReference; fileEncoding = 4; lastKnownFileType = sourcecode.swift; path = ImagePickerCollectionView.swift; sourceTree = "<group>"; };
		F57CD3741B2E151C00A51768 /* ImagePickerSheetController.h */ = {isa = PBXFileReference; fileEncoding = 4; lastKnownFileType = sourcecode.c.h; path = ImagePickerSheetController.h; sourceTree = "<group>"; };
		F57CD3751B2E151C00A51768 /* ImagePickerSheetController.swift */ = {isa = PBXFileReference; fileEncoding = 4; lastKnownFileType = sourcecode.swift; path = ImagePickerSheetController.swift; sourceTree = "<group>"; };
		F57CD3761B2E151C00A51768 /* ImagePreviewFlowLayout.swift */ = {isa = PBXFileReference; fileEncoding = 4; lastKnownFileType = sourcecode.swift; path = ImagePreviewFlowLayout.swift; sourceTree = "<group>"; };
		F57CD3771B2E151C00A51768 /* ImagePreviewTableViewCell.swift */ = {isa = PBXFileReference; fileEncoding = 4; lastKnownFileType = sourcecode.swift; path = ImagePreviewTableViewCell.swift; sourceTree = "<group>"; };
		F57CD3781B2E151C00A51768 /* Images.xcassets */ = {isa = PBXFileReference; lastKnownFileType = folder.assetcatalog; path = Images.xcassets; sourceTree = "<group>"; };
		F57CD3791B2E151C00A51768 /* Info.plist */ = {isa = PBXFileReference; fileEncoding = 4; lastKnownFileType = text.plist.xml; path = Info.plist; sourceTree = "<group>"; };
		F57CD37A1B2E151C00A51768 /* PreviewSupplementaryView.swift */ = {isa = PBXFileReference; fileEncoding = 4; lastKnownFileType = sourcecode.swift; path = PreviewSupplementaryView.swift; sourceTree = "<group>"; };
		F57CD3861B2E4BE300A51768 /* ActionButton.swift */ = {isa = PBXFileReference; fileEncoding = 4; lastKnownFileType = sourcecode.swift; path = ActionButton.swift; sourceTree = "<group>"; };
		F57CD3871B2E4BE300A51768 /* ActionButtonItem.swift */ = {isa = PBXFileReference; fileEncoding = 4; lastKnownFileType = sourcecode.swift; path = ActionButtonItem.swift; sourceTree = "<group>"; };
		F59BF0CB1B2E5F6900D283DF /* Comment.swift */ = {isa = PBXFileReference; fileEncoding = 4; lastKnownFileType = sourcecode.swift; path = Comment.swift; sourceTree = "<group>"; };
		F59BF0CD1B2E5FA900D283DF /* CommentsViewController.swift */ = {isa = PBXFileReference; fileEncoding = 4; lastKnownFileType = sourcecode.swift; path = CommentsViewController.swift; sourceTree = "<group>"; };
		F59BF0D01B2E639C00D283DF /* CommentTableViewCell.swift */ = {isa = PBXFileReference; fileEncoding = 4; lastKnownFileType = sourcecode.swift; path = CommentTableViewCell.swift; sourceTree = "<group>"; };
		F59BF0D21B2E749B00D283DF /* NewCommentViewController.swift */ = {isa = PBXFileReference; fileEncoding = 4; lastKnownFileType = sourcecode.swift; path = NewCommentViewController.swift; sourceTree = "<group>"; };
		F5BF25311B2F3736002CE1C8 /* NewInterestViewController.swift */ = {isa = PBXFileReference; fileEncoding = 4; lastKnownFileType = sourcecode.swift; path = NewInterestViewController.swift; sourceTree = "<group>"; };
		F5D3F8931B2F9987002728E3 /* SlideRightTransitionAnimator.swift */ = {isa = PBXFileReference; fileEncoding = 4; lastKnownFileType = sourcecode.swift; path = SlideRightTransitionAnimator.swift; sourceTree = "<group>"; };
		F5D3F8961B2FADEA002728E3 /* PopTransitionAnimator.swift */ = {isa = PBXFileReference; fileEncoding = 4; lastKnownFileType = sourcecode.swift; path = PopTransitionAnimator.swift; sourceTree = "<group>"; };
		F5D3F8981B2FB5BE002728E3 /* SlideRightThenPopTransitionAnimator.swift */ = {isa = PBXFileReference; fileEncoding = 4; lastKnownFileType = sourcecode.swift; path = SlideRightThenPopTransitionAnimator.swift; sourceTree = "<group>"; };
		F5D3F89A1B306542002728E3 /* CardView.swift */ = {isa = PBXFileReference; fileEncoding = 4; lastKnownFileType = sourcecode.swift; path = CardView.swift; sourceTree = "<group>"; };
		F5D3F89C1B306716002728E3 /* InterestButton.swift */ = {isa = PBXFileReference; fileEncoding = 4; lastKnownFileType = sourcecode.swift; path = InterestButton.swift; sourceTree = "<group>"; };
		F5D3F89F1B306A20002728E3 /* DiscoverTableViewCell.swift */ = {isa = PBXFileReference; fileEncoding = 4; lastKnownFileType = sourcecode.swift; path = DiscoverTableViewCell.swift; sourceTree = "<group>"; };
		F5D3F8A11B306F5A002728E3 /* DiscoverViewController.swift */ = {isa = PBXFileReference; fileEncoding = 4; lastKnownFileType = sourcecode.swift; path = DiscoverViewController.swift; sourceTree = "<group>"; };
		F5D64B5C1B2DF51700B0459D /* NewPostViewController.swift */ = {isa = PBXFileReference; fileEncoding = 4; lastKnownFileType = sourcecode.swift; path = NewPostViewController.swift; sourceTree = "<group>"; };
/* End PBXFileReference section */

/* Begin PBXFrameworksBuildPhase section */
		F557723A1B2C65C100DF2649 /* Frameworks */ = {
			isa = PBXFrameworksBuildPhase;
			buildActionMask = 2147483647;
			files = (
				63D863DB1BA192580084822D /* libsqlite3.dylib in Frameworks */,
				63D863D91BA192490084822D /* libz.dylib in Frameworks */,
				63D863D71BA1923A0084822D /* SystemConfiguration.framework in Frameworks */,
				63D863D51BA1922D0084822D /* StoreKit.framework in Frameworks */,
				63D863D31BA192220084822D /* Security.framework in Frameworks */,
				63D863D11BA192190084822D /* QuartzCore.framework in Frameworks */,
				63D863CF1BA192010084822D /* MobileCoreServices.framework in Frameworks */,
				63D863CD1BA191F50084822D /* CoreLocation.framework in Frameworks */,
				63D863CB1BA191E50084822D /* CoreGraphics.framework in Frameworks */,
				63D863C91BA191D90084822D /* CFNetwork.framework in Frameworks */,
				63D863C71BA191CF0084822D /* AudioToolbox.framework in Frameworks */,
				63B166061BA160B300E7F59A /* Parse.framework in Frameworks */,
				63B166071BA160B300E7F59A /* ParseCrashReporting.framework in Frameworks */,
				63B1660B1BA160B300E7F59A /* ParseUI.framework in Frameworks */,
				63B166081BA160B300E7F59A /* ParseFacebookUtils.framework in Frameworks */,
				63B166051BA160B300E7F59A /* Bolts.framework in Frameworks */,
				63B1660A1BA160B300E7F59A /* ParseTwitterUtils.framework in Frameworks */,
				63B166091BA160B300E7F59A /* ParseFacebookUtilsV4.framework in Frameworks */,
			);
			runOnlyForDeploymentPostprocessing = 0;
		};
		F557724E1B2C65C100DF2649 /* Frameworks */ = {
			isa = PBXFrameworksBuildPhase;
			buildActionMask = 2147483647;
			files = (
			);
			runOnlyForDeploymentPostprocessing = 0;
		};
		F55772591B2C65C100DF2649 /* Frameworks */ = {
			isa = PBXFrameworksBuildPhase;
			buildActionMask = 2147483647;
			files = (
			);
			runOnlyForDeploymentPostprocessing = 0;
		};
/* End PBXFrameworksBuildPhase section */

/* Begin PBXGroup section */
		F545E4EA1B2CE7F000B0A26F /* Spring */ = {
			isa = PBXGroup;
			children = (
				F545E4EB1B2CE7F000B0A26F /* AsyncButton.swift */,
				F545E4EC1B2CE7F000B0A26F /* AsyncImageView.swift */,
				F545E4ED1B2CE7F000B0A26F /* AutoTextView.swift */,
				F545E4EE1B2CE7F000B0A26F /* BlurView.swift */,
				F545E4EF1B2CE7F000B0A26F /* DesignableButton.swift */,
				F545E4F01B2CE7F000B0A26F /* DesignableImageView.swift */,
				F545E4F11B2CE7F000B0A26F /* DesignableLabel.swift */,
				F545E4F21B2CE7F000B0A26F /* DesignableTabBarController.swift */,
				F545E4F31B2CE7F000B0A26F /* DesignableTextField.swift */,
				F545E4F41B2CE7F000B0A26F /* DesignableTextView.swift */,
				F545E4F51B2CE7F000B0A26F /* DesignableView.swift */,
				F545E4F61B2CE7F000B0A26F /* ImageLoader.swift */,
				F545E4F71B2CE7F000B0A26F /* Info.plist */,
				F545E4F81B2CE7F000B0A26F /* KeyboardLayoutConstraint.swift */,
				F545E4F91B2CE7F000B0A26F /* LoadingView.swift */,
				F545E4FA1B2CE7F000B0A26F /* LoadingView.xib */,
				F545E4FB1B2CE7F000B0A26F /* Misc.swift */,
				F545E4FC1B2CE7F000B0A26F /* SoundPlayer.swift */,
				F545E4FD1B2CE7F000B0A26F /* Spring.h */,
				F545E4FE1B2CE7F000B0A26F /* Spring.swift */,
				F545E4FF1B2CE7F000B0A26F /* SpringAnimation.swift */,
				F545E5001B2CE7F000B0A26F /* SpringButton.swift */,
				F545E5011B2CE7F000B0A26F /* SpringImageView.swift */,
				F545E5021B2CE7F000B0A26F /* SpringLabel.swift */,
				F545E5031B2CE7F000B0A26F /* SpringTextField.swift */,
				F545E5041B2CE7F000B0A26F /* SpringTextView.swift */,
				F545E5051B2CE7F000B0A26F /* SpringView.swift */,
				F545E5061B2CE7F000B0A26F /* TransitionManager.swift */,
				F545E5071B2CE7F000B0A26F /* TransitionZoom.swift */,
				F545E5081B2CE7F000B0A26F /* UnwindSegue.swift */,
			);
			path = Spring;
			sourceTree = "<group>";
		};
		F55772341B2C65C100DF2649 = {
			isa = PBXGroup;
			children = (
				63D863DA1BA192580084822D /* libsqlite3.dylib */,
				63D863D81BA192490084822D /* libz.dylib */,
				63D863D61BA1923A0084822D /* SystemConfiguration.framework */,
				63D863D41BA1922D0084822D /* StoreKit.framework */,
				63D863D21BA192220084822D /* Security.framework */,
				63D863D01BA192190084822D /* QuartzCore.framework */,
				63D863CE1BA192010084822D /* MobileCoreServices.framework */,
				63D863CC1BA191F50084822D /* CoreLocation.framework */,
				63D863CA1BA191E50084822D /* CoreGraphics.framework */,
				63D863C81BA191D90084822D /* CFNetwork.framework */,
				63D863C61BA191CF0084822D /* AudioToolbox.framework */,
				F557723F1B2C65C100DF2649 /* Interests */,
				F55772541B2C65C100DF2649 /* InterestsTests */,
				F557725F1B2C65C100DF2649 /* InterestsUITests */,
				F557723E1B2C65C100DF2649 /* Products */,
			);
			sourceTree = "<group>";
		};
		F557723E1B2C65C100DF2649 /* Products */ = {
			isa = PBXGroup;
			children = (
				F557723D1B2C65C100DF2649 /* Interests.app */,
				F55772511B2C65C100DF2649 /* InterestsTests.xctest */,
				F557725C1B2C65C100DF2649 /* InterestsUITests.xctest */,
			);
			name = Products;
			sourceTree = "<group>";
		};
		F557723F1B2C65C100DF2649 /* Interests */ = {
			isa = PBXGroup;
			children = (
				F55772401B2C65C100DF2649 /* AppDelegate.swift */,
				F55772731B2C6AD000DF2649 /* Home Screen */,
				F55772781B2C8EA300DF2649 /* Interest Screen */,
				F59BF0CF1B2E5FB000D283DF /* Comments Screen */,
				F5D3F89E1B3068A3002728E3 /* Discover Screen */,
				F55772721B2C6ACA00DF2649 /* Model */,
				F5D3F8951B2F9991002728E3 /* Transtion Animators */,
				F55772441B2C65C100DF2649 /* Main.storyboard */,
				F55772471B2C65C100DF2649 /* Assets.xcassets */,
				F57CD3851B2E4BE300A51768 /* FloatingButton */,
				F545E4EA1B2CE7F000B0A26F /* Spring */,
				F57CD36F1B2E151C00A51768 /* ImagePickerSheet */,
				F55772491B2C65C100DF2649 /* LaunchScreen.storyboard */,
				F557724C1B2C65C100DF2649 /* Info.plist */,
				63B165FE1BA160B300E7F59A /* Bolts.framework */,
				63B165FF1BA160B300E7F59A /* Parse.framework */,
				63B166001BA160B300E7F59A /* ParseCrashReporting.framework */,
				63B166011BA160B300E7F59A /* ParseFacebookUtils.framework */,
				63B166021BA160B300E7F59A /* ParseFacebookUtilsV4.framework */,
				63B166031BA160B300E7F59A /* ParseTwitterUtils.framework */,
				63B166041BA160B300E7F59A /* ParseUI.framework */,
			);
			path = Interests;
			sourceTree = "<group>";
		};
		F55772541B2C65C100DF2649 /* InterestsTests */ = {
			isa = PBXGroup;
			children = (
				F55772551B2C65C100DF2649 /* InterestsTests.swift */,
				F55772571B2C65C100DF2649 /* Info.plist */,
			);
			path = InterestsTests;
			sourceTree = "<group>";
		};
		F557725F1B2C65C100DF2649 /* InterestsUITests */ = {
			isa = PBXGroup;
			children = (
				F55772601B2C65C100DF2649 /* InterestsUITests.swift */,
				F55772621B2C65C100DF2649 /* Info.plist */,
			);
			path = InterestsUITests;
			sourceTree = "<group>";
		};
		F55772721B2C6ACA00DF2649 /* Model */ = {
			isa = PBXGroup;
			children = (
				F55772701B2C6A5400DF2649 /* Interest.swift */,
				F545E5261B2CEB7200B0A26F /* Post.swift */,
				F545E5271B2CEB7200B0A26F /* User.swift */,
				F59BF0CB1B2E5F6900D283DF /* Comment.swift */,
				63689DDE1BA2C33600BF8003 /* TestObject.swift */,
			);
			name = Model;
			sourceTree = "<group>";
		};
		F55772731B2C6AD000DF2649 /* Home Screen */ = {
			isa = PBXGroup;
			children = (
				F557726E1B2C661100DF2649 /* HomeViewController.swift */,
				F55772741B2C6C4300DF2649 /* InterestCollectionViewCell.swift */,
				F5BF25311B2F3736002CE1C8 /* NewInterestViewController.swift */,
			);
			name = "Home Screen";
			sourceTree = "<group>";
		};
		F55772781B2C8EA300DF2649 /* Interest Screen */ = {
			isa = PBXGroup;
			children = (
				F55772791B2C913D00DF2649 /* InterestViewController.swift */,
				F545E52A1B2CECDB00B0A26F /* PostTableViewCell.swift */,
				F55772761B2C8E9A00DF2649 /* InterestHeaderView.swift */,
				F5D64B5C1B2DF51700B0459D /* NewPostViewController.swift */,
			);
			name = "Interest Screen";
			sourceTree = "<group>";
		};
		F57CD36F1B2E151C00A51768 /* ImagePickerSheet */ = {
			isa = PBXGroup;
			children = (
				F57CD3701B2E151C00A51768 /* AnimationController.swift */,
				F57CD3711B2E151C00A51768 /* ImageAction.swift */,
				F57CD3721B2E151C00A51768 /* ImageCollectionViewCell.swift */,
				F57CD3731B2E151C00A51768 /* ImagePickerCollectionView.swift */,
				F57CD3741B2E151C00A51768 /* ImagePickerSheetController.h */,
				F57CD3751B2E151C00A51768 /* ImagePickerSheetController.swift */,
				F57CD3761B2E151C00A51768 /* ImagePreviewFlowLayout.swift */,
				F57CD3771B2E151C00A51768 /* ImagePreviewTableViewCell.swift */,
				F57CD3781B2E151C00A51768 /* Images.xcassets */,
				F57CD3791B2E151C00A51768 /* Info.plist */,
				F57CD37A1B2E151C00A51768 /* PreviewSupplementaryView.swift */,
			);
			path = ImagePickerSheet;
			sourceTree = "<group>";
		};
		F57CD3851B2E4BE300A51768 /* FloatingButton */ = {
			isa = PBXGroup;
			children = (
				F57CD3861B2E4BE300A51768 /* ActionButton.swift */,
				F57CD3871B2E4BE300A51768 /* ActionButtonItem.swift */,
			);
			path = FloatingButton;
			sourceTree = "<group>";
		};
		F59BF0CF1B2E5FB000D283DF /* Comments Screen */ = {
			isa = PBXGroup;
			children = (
				F59BF0CD1B2E5FA900D283DF /* CommentsViewController.swift */,
				F59BF0D01B2E639C00D283DF /* CommentTableViewCell.swift */,
				F59BF0D21B2E749B00D283DF /* NewCommentViewController.swift */,
			);
			name = "Comments Screen";
			sourceTree = "<group>";
		};
		F5D3F8951B2F9991002728E3 /* Transtion Animators */ = {
			isa = PBXGroup;
			children = (
				F5D3F8931B2F9987002728E3 /* SlideRightTransitionAnimator.swift */,
				F5D3F8961B2FADEA002728E3 /* PopTransitionAnimator.swift */,
				F5D3F8981B2FB5BE002728E3 /* SlideRightThenPopTransitionAnimator.swift */,
			);
			name = "Transtion Animators";
			sourceTree = "<group>";
		};
		F5D3F89E1B3068A3002728E3 /* Discover Screen */ = {
			isa = PBXGroup;
			children = (
				F5D3F8A11B306F5A002728E3 /* DiscoverViewController.swift */,
				F5D3F89F1B306A20002728E3 /* DiscoverTableViewCell.swift */,
				F5D3F89A1B306542002728E3 /* CardView.swift */,
				F5D3F89C1B306716002728E3 /* InterestButton.swift */,
			);
			name = "Discover Screen";
			sourceTree = "<group>";
		};
/* End PBXGroup section */

/* Begin PBXNativeTarget section */
		F557723C1B2C65C100DF2649 /* Interests */ = {
			isa = PBXNativeTarget;
			buildConfigurationList = F55772651B2C65C100DF2649 /* Build configuration list for PBXNativeTarget "Interests" */;
			buildPhases = (
				F55772391B2C65C100DF2649 /* Sources */,
				F557723A1B2C65C100DF2649 /* Frameworks */,
				F557723B1B2C65C100DF2649 /* Resources */,
			);
			buildRules = (
			);
			dependencies = (
			);
			name = Interests;
			productName = Interests;
			productReference = F557723D1B2C65C100DF2649 /* Interests.app */;
			productType = "com.apple.product-type.application";
		};
		F55772501B2C65C100DF2649 /* InterestsTests */ = {
			isa = PBXNativeTarget;
			buildConfigurationList = F55772681B2C65C100DF2649 /* Build configuration list for PBXNativeTarget "InterestsTests" */;
			buildPhases = (
				F557724D1B2C65C100DF2649 /* Sources */,
				F557724E1B2C65C100DF2649 /* Frameworks */,
				F557724F1B2C65C100DF2649 /* Resources */,
			);
			buildRules = (
			);
			dependencies = (
				F55772531B2C65C100DF2649 /* PBXTargetDependency */,
			);
			name = InterestsTests;
			productName = InterestsTests;
			productReference = F55772511B2C65C100DF2649 /* InterestsTests.xctest */;
			productType = "com.apple.product-type.bundle.unit-test";
		};
		F557725B1B2C65C100DF2649 /* InterestsUITests */ = {
			isa = PBXNativeTarget;
			buildConfigurationList = F557726B1B2C65C100DF2649 /* Build configuration list for PBXNativeTarget "InterestsUITests" */;
			buildPhases = (
				F55772581B2C65C100DF2649 /* Sources */,
				F55772591B2C65C100DF2649 /* Frameworks */,
				F557725A1B2C65C100DF2649 /* Resources */,
			);
			buildRules = (
			);
			dependencies = (
				F557725E1B2C65C100DF2649 /* PBXTargetDependency */,
			);
			name = InterestsUITests;
			productName = InterestsUITests;
			productReference = F557725C1B2C65C100DF2649 /* InterestsUITests.xctest */;
			productType = "com.apple.product-type.bundle.ui-testing";
		};
/* End PBXNativeTarget section */

/* Begin PBXProject section */
		F55772351B2C65C100DF2649 /* Project object */ = {
			isa = PBXProject;
			attributes = {
				LastSwiftUpdateCheck = 0700;
				LastUpgradeCheck = 0700;
				ORGANIZATIONNAME = "Developer Inspirus";
				TargetAttributes = {
					F557723C1B2C65C100DF2649 = {
						CreatedOnToolsVersion = 7.0;
					};
					F55772501B2C65C100DF2649 = {
						CreatedOnToolsVersion = 7.0;
						TestTargetID = F557723C1B2C65C100DF2649;
					};
					F557725B1B2C65C100DF2649 = {
						CreatedOnToolsVersion = 7.0;
						TestTargetID = F557723C1B2C65C100DF2649;
					};
				};
			};
			buildConfigurationList = F55772381B2C65C100DF2649 /* Build configuration list for PBXProject "Interests" */;
			compatibilityVersion = "Xcode 3.2";
			developmentRegion = English;
			hasScannedForEncodings = 0;
			knownRegions = (
				en,
				Base,
			);
			mainGroup = F55772341B2C65C100DF2649;
			productRefGroup = F557723E1B2C65C100DF2649 /* Products */;
			projectDirPath = "";
			projectRoot = "";
			targets = (
				F557723C1B2C65C100DF2649 /* Interests */,
				F55772501B2C65C100DF2649 /* InterestsTests */,
				F557725B1B2C65C100DF2649 /* InterestsUITests */,
			);
		};
/* End PBXProject section */

/* Begin PBXResourcesBuildPhase section */
		F557723B1B2C65C100DF2649 /* Resources */ = {
			isa = PBXResourcesBuildPhase;
			buildActionMask = 2147483647;
			files = (
				F545E5151B2CE7F000B0A26F /* Info.plist in Resources */,
				F557724B1B2C65C100DF2649 /* LaunchScreen.storyboard in Resources */,
				F55772481B2C65C100DF2649 /* Assets.xcassets in Resources */,
				F57CD3821B2E151C00A51768 /* Images.xcassets in Resources */,
				F55772461B2C65C100DF2649 /* Main.storyboard in Resources */,
				F545E5181B2CE7F000B0A26F /* LoadingView.xib in Resources */,
				F57CD3831B2E151C00A51768 /* Info.plist in Resources */,
			);
			runOnlyForDeploymentPostprocessing = 0;
		};
		F557724F1B2C65C100DF2649 /* Resources */ = {
			isa = PBXResourcesBuildPhase;
			buildActionMask = 2147483647;
			files = (
			);
			runOnlyForDeploymentPostprocessing = 0;
		};
		F557725A1B2C65C100DF2649 /* Resources */ = {
			isa = PBXResourcesBuildPhase;
			buildActionMask = 2147483647;
			files = (
			);
			runOnlyForDeploymentPostprocessing = 0;
		};
/* End PBXResourcesBuildPhase section */

/* Begin PBXSourcesBuildPhase section */
		F55772391B2C65C100DF2649 /* Sources */ = {
			isa = PBXSourcesBuildPhase;
			buildActionMask = 2147483647;
			files = (
				F557727A1B2C913D00DF2649 /* InterestViewController.swift in Sources */,
				F545E5121B2CE7F000B0A26F /* DesignableTextView.swift in Sources */,
				F5D3F8941B2F9987002728E3 /* SlideRightTransitionAnimator.swift in Sources */,
				F545E51A1B2CE7F000B0A26F /* SoundPlayer.swift in Sources */,
				F57CD37E1B2E151C00A51768 /* ImagePickerCollectionView.swift in Sources */,
				F57CD37F1B2E151C00A51768 /* ImagePickerSheetController.swift in Sources */,
				F545E51C1B2CE7F000B0A26F /* SpringAnimation.swift in Sources */,
				F5D3F8A21B306F5A002728E3 /* DiscoverViewController.swift in Sources */,
				F5D3F8991B2FB5BE002728E3 /* SlideRightThenPopTransitionAnimator.swift in Sources */,
				F57CD3841B2E151C00A51768 /* PreviewSupplementaryView.swift in Sources */,
				F545E5091B2CE7F000B0A26F /* AsyncButton.swift in Sources */,
				F545E5221B2CE7F000B0A26F /* SpringView.swift in Sources */,
				F545E5161B2CE7F000B0A26F /* KeyboardLayoutConstraint.swift in Sources */,
				F545E5231B2CE7F000B0A26F /* TransitionManager.swift in Sources */,
				F55772751B2C6C4300DF2649 /* InterestCollectionViewCell.swift in Sources */,
				F5D3F89B1B306542002728E3 /* CardView.swift in Sources */,
				F545E50B1B2CE7F000B0A26F /* AutoTextView.swift in Sources */,
				F545E50F1B2CE7F000B0A26F /* DesignableLabel.swift in Sources */,
				F545E51E1B2CE7F000B0A26F /* SpringImageView.swift in Sources */,
				F545E50E1B2CE7F000B0A26F /* DesignableImageView.swift in Sources */,
				F545E5291B2CEB7200B0A26F /* User.swift in Sources */,
				F545E5101B2CE7F000B0A26F /* DesignableTabBarController.swift in Sources */,
				F545E5111B2CE7F000B0A26F /* DesignableTextField.swift in Sources */,
				F545E50D1B2CE7F000B0A26F /* DesignableButton.swift in Sources */,
				F545E51D1B2CE7F000B0A26F /* SpringButton.swift in Sources */,
				F545E51F1B2CE7F000B0A26F /* SpringLabel.swift in Sources */,
				F545E5251B2CE7F000B0A26F /* UnwindSegue.swift in Sources */,
				F545E50A1B2CE7F000B0A26F /* AsyncImageView.swift in Sources */,
				F55772711B2C6A5400DF2649 /* Interest.swift in Sources */,
				F57CD37B1B2E151C00A51768 /* AnimationController.swift in Sources */,
				63689DDF1BA2C33600BF8003 /* TestObject.swift in Sources */,
				F545E5281B2CEB7200B0A26F /* Post.swift in Sources */,
				F59BF0D11B2E639C00D283DF /* CommentTableViewCell.swift in Sources */,
				F57CD3881B2E4BE300A51768 /* ActionButton.swift in Sources */,
				F5BF25321B2F3736002CE1C8 /* NewInterestViewController.swift in Sources */,
				F545E5171B2CE7F000B0A26F /* LoadingView.swift in Sources */,
				F545E51B1B2CE7F000B0A26F /* Spring.swift in Sources */,
				F59BF0CE1B2E5FA900D283DF /* CommentsViewController.swift in Sources */,
				F57CD37D1B2E151C00A51768 /* ImageCollectionViewCell.swift in Sources */,
				F57CD3891B2E4BE300A51768 /* ActionButtonItem.swift in Sources */,
				F545E5201B2CE7F000B0A26F /* SpringTextField.swift in Sources */,
				F55772771B2C8E9A00DF2649 /* InterestHeaderView.swift in Sources */,
				F545E50C1B2CE7F000B0A26F /* BlurView.swift in Sources */,
				F5D3F8971B2FADEA002728E3 /* PopTransitionAnimator.swift in Sources */,
				F5D3F8A01B306A20002728E3 /* DiscoverTableViewCell.swift in Sources */,
				F545E5141B2CE7F000B0A26F /* ImageLoader.swift in Sources */,
				F57CD3801B2E151C00A51768 /* ImagePreviewFlowLayout.swift in Sources */,
				F545E5211B2CE7F000B0A26F /* SpringTextView.swift in Sources */,
				F55772411B2C65C100DF2649 /* AppDelegate.swift in Sources */,
				F545E5191B2CE7F000B0A26F /* Misc.swift in Sources */,
				F557726F1B2C661100DF2649 /* HomeViewController.swift in Sources */,
				F545E5131B2CE7F000B0A26F /* DesignableView.swift in Sources */,
				F57CD37C1B2E151C00A51768 /* ImageAction.swift in Sources */,
				F59BF0CC1B2E5F6900D283DF /* Comment.swift in Sources */,
				F5D3F89D1B306716002728E3 /* InterestButton.swift in Sources */,
				F545E5241B2CE7F000B0A26F /* TransitionZoom.swift in Sources */,
				F59BF0D31B2E749B00D283DF /* NewCommentViewController.swift in Sources */,
				F545E52B1B2CECDB00B0A26F /* PostTableViewCell.swift in Sources */,
				F57CD3811B2E151C00A51768 /* ImagePreviewTableViewCell.swift in Sources */,
				F5D64B5D1B2DF51800B0459D /* NewPostViewController.swift in Sources */,
			);
			runOnlyForDeploymentPostprocessing = 0;
		};
		F557724D1B2C65C100DF2649 /* Sources */ = {
			isa = PBXSourcesBuildPhase;
			buildActionMask = 2147483647;
			files = (
				F55772561B2C65C100DF2649 /* InterestsTests.swift in Sources */,
			);
			runOnlyForDeploymentPostprocessing = 0;
		};
		F55772581B2C65C100DF2649 /* Sources */ = {
			isa = PBXSourcesBuildPhase;
			buildActionMask = 2147483647;
			files = (
				F55772611B2C65C100DF2649 /* InterestsUITests.swift in Sources */,
			);
			runOnlyForDeploymentPostprocessing = 0;
		};
/* End PBXSourcesBuildPhase section */

/* Begin PBXTargetDependency section */
		F55772531B2C65C100DF2649 /* PBXTargetDependency */ = {
			isa = PBXTargetDependency;
			target = F557723C1B2C65C100DF2649 /* Interests */;
			targetProxy = F55772521B2C65C100DF2649 /* PBXContainerItemProxy */;
		};
		F557725E1B2C65C100DF2649 /* PBXTargetDependency */ = {
			isa = PBXTargetDependency;
			target = F557723C1B2C65C100DF2649 /* Interests */;
			targetProxy = F557725D1B2C65C100DF2649 /* PBXContainerItemProxy */;
		};
/* End PBXTargetDependency section */

/* Begin PBXVariantGroup section */
		F55772441B2C65C100DF2649 /* Main.storyboard */ = {
			isa = PBXVariantGroup;
			children = (
				F55772451B2C65C100DF2649 /* Base */,
			);
			name = Main.storyboard;
			sourceTree = "<group>";
		};
		F55772491B2C65C100DF2649 /* LaunchScreen.storyboard */ = {
			isa = PBXVariantGroup;
			children = (
				F557724A1B2C65C100DF2649 /* Base */,
			);
			name = LaunchScreen.storyboard;
			sourceTree = "<group>";
		};
/* End PBXVariantGroup section */

/* Begin XCBuildConfiguration section */
		F55772631B2C65C100DF2649 /* Debug */ = {
			isa = XCBuildConfiguration;
			buildSettings = {
				ALWAYS_SEARCH_USER_PATHS = NO;
				CLANG_CXX_LANGUAGE_STANDARD = "gnu++0x";
				CLANG_CXX_LIBRARY = "libc++";
				CLANG_ENABLE_MODULES = YES;
				CLANG_ENABLE_OBJC_ARC = YES;
				CLANG_WARN_BOOL_CONVERSION = YES;
				CLANG_WARN_CONSTANT_CONVERSION = YES;
				CLANG_WARN_DIRECT_OBJC_ISA_USAGE = YES_ERROR;
				CLANG_WARN_EMPTY_BODY = YES;
				CLANG_WARN_ENUM_CONVERSION = YES;
				CLANG_WARN_INT_CONVERSION = YES;
				CLANG_WARN_OBJC_ROOT_CLASS = YES_ERROR;
				CLANG_WARN_UNREACHABLE_CODE = YES;
				CLANG_WARN__DUPLICATE_METHOD_MATCH = YES;
				"CODE_SIGN_IDENTITY[sdk=iphoneos*]" = "iPhone Developer";
				COPY_PHASE_STRIP = NO;
				DEBUG_INFORMATION_FORMAT = dwarf;
				ENABLE_STRICT_OBJC_MSGSEND = YES;
				ENABLE_TESTABILITY = YES;
				GCC_C_LANGUAGE_STANDARD = gnu99;
				GCC_DYNAMIC_NO_PIC = NO;
				GCC_NO_COMMON_BLOCKS = YES;
				GCC_OPTIMIZATION_LEVEL = 0;
				GCC_PREPROCESSOR_DEFINITIONS = (
					"DEBUG=1",
					"$(inherited)",
				);
				GCC_WARN_64_TO_32_BIT_CONVERSION = YES;
				GCC_WARN_ABOUT_RETURN_TYPE = YES_ERROR;
				GCC_WARN_UNDECLARED_SELECTOR = YES;
				GCC_WARN_UNINITIALIZED_AUTOS = YES_AGGRESSIVE;
				GCC_WARN_UNUSED_FUNCTION = YES;
				GCC_WARN_UNUSED_VARIABLE = YES;
				IPHONEOS_DEPLOYMENT_TARGET = 9.0;
				MTL_ENABLE_DEBUG_INFO = YES;
				ONLY_ACTIVE_ARCH = YES;
				SDKROOT = iphoneos;
				SWIFT_OPTIMIZATION_LEVEL = "-Onone";
			};
			name = Debug;
		};
		F55772641B2C65C100DF2649 /* Release */ = {
			isa = XCBuildConfiguration;
			buildSettings = {
				ALWAYS_SEARCH_USER_PATHS = NO;
				CLANG_CXX_LANGUAGE_STANDARD = "gnu++0x";
				CLANG_CXX_LIBRARY = "libc++";
				CLANG_ENABLE_MODULES = YES;
				CLANG_ENABLE_OBJC_ARC = YES;
				CLANG_WARN_BOOL_CONVERSION = YES;
				CLANG_WARN_CONSTANT_CONVERSION = YES;
				CLANG_WARN_DIRECT_OBJC_ISA_USAGE = YES_ERROR;
				CLANG_WARN_EMPTY_BODY = YES;
				CLANG_WARN_ENUM_CONVERSION = YES;
				CLANG_WARN_INT_CONVERSION = YES;
				CLANG_WARN_OBJC_ROOT_CLASS = YES_ERROR;
				CLANG_WARN_UNREACHABLE_CODE = YES;
				CLANG_WARN__DUPLICATE_METHOD_MATCH = YES;
				"CODE_SIGN_IDENTITY[sdk=iphoneos*]" = "iPhone Developer";
				COPY_PHASE_STRIP = NO;
				DEBUG_INFORMATION_FORMAT = "dwarf-with-dsym";
				ENABLE_NS_ASSERTIONS = NO;
				ENABLE_STRICT_OBJC_MSGSEND = YES;
				GCC_C_LANGUAGE_STANDARD = gnu99;
				GCC_NO_COMMON_BLOCKS = YES;
				GCC_WARN_64_TO_32_BIT_CONVERSION = YES;
				GCC_WARN_ABOUT_RETURN_TYPE = YES_ERROR;
				GCC_WARN_UNDECLARED_SELECTOR = YES;
				GCC_WARN_UNINITIALIZED_AUTOS = YES_AGGRESSIVE;
				GCC_WARN_UNUSED_FUNCTION = YES;
				GCC_WARN_UNUSED_VARIABLE = YES;
				IPHONEOS_DEPLOYMENT_TARGET = 9.0;
				MTL_ENABLE_DEBUG_INFO = NO;
				SDKROOT = iphoneos;
				VALIDATE_PRODUCT = YES;
			};
			name = Release;
		};
		F55772661B2C65C100DF2649 /* Debug */ = {
			isa = XCBuildConfiguration;
			buildSettings = {
				ASSETCATALOG_COMPILER_APPICON_NAME = AppIcon;
				FRAMEWORK_SEARCH_PATHS = (
					"$(inherited)",
					"$(PROJECT_DIR)/Interests",
				);
				INFOPLIST_FILE = Interests/Info.plist;
				LD_RUNPATH_SEARCH_PATHS = "$(inherited) @executable_path/Frameworks";
				PRODUCT_BUNDLE_IDENTIFIER = com.developerinspirus.Interests;
				PRODUCT_NAME = "$(TARGET_NAME)";
			};
			name = Debug;
		};
		F55772671B2C65C100DF2649 /* Release */ = {
			isa = XCBuildConfiguration;
			buildSettings = {
				ASSETCATALOG_COMPILER_APPICON_NAME = AppIcon;
				FRAMEWORK_SEARCH_PATHS = (
					"$(inherited)",
					"$(PROJECT_DIR)/Interests",
				);
				INFOPLIST_FILE = Interests/Info.plist;
				LD_RUNPATH_SEARCH_PATHS = "$(inherited) @executable_path/Frameworks";
				PRODUCT_BUNDLE_IDENTIFIER = com.developerinspirus.Interests;
				PRODUCT_NAME = "$(TARGET_NAME)";
			};
			name = Release;
		};
		F55772691B2C65C100DF2649 /* Debug */ = {
			isa = XCBuildConfiguration;
			buildSettings = {
				BUNDLE_LOADER = "$(TEST_HOST)";
				INFOPLIST_FILE = InterestsTests/Info.plist;
				LD_RUNPATH_SEARCH_PATHS = "$(inherited) @executable_path/Frameworks @loader_path/Frameworks";
				PRODUCT_BUNDLE_IDENTIFIER = com.developerinspirus.InterestsTests;
				PRODUCT_NAME = "$(TARGET_NAME)";
				TEST_HOST = "$(BUILT_PRODUCTS_DIR)/Interests.app/Interests";
			};
			name = Debug;
		};
		F557726A1B2C65C100DF2649 /* Release */ = {
			isa = XCBuildConfiguration;
			buildSettings = {
				BUNDLE_LOADER = "$(TEST_HOST)";
				INFOPLIST_FILE = InterestsTests/Info.plist;
				LD_RUNPATH_SEARCH_PATHS = "$(inherited) @executable_path/Frameworks @loader_path/Frameworks";
				PRODUCT_BUNDLE_IDENTIFIER = com.developerinspirus.InterestsTests;
				PRODUCT_NAME = "$(TARGET_NAME)";
				TEST_HOST = "$(BUILT_PRODUCTS_DIR)/Interests.app/Interests";
			};
			name = Release;
		};
		F557726C1B2C65C100DF2649 /* Debug */ = {
			isa = XCBuildConfiguration;
			buildSettings = {
				INFOPLIST_FILE = InterestsUITests/Info.plist;
				LD_RUNPATH_SEARCH_PATHS = "$(inherited) @executable_path/Frameworks @loader_path/Frameworks";
				PRODUCT_BUNDLE_IDENTIFIER = com.developerinspirus.InterestsUITests;
				PRODUCT_NAME = "$(TARGET_NAME)";
				TEST_TARGET_NAME = Interests;
				USES_XCTRUNNER = YES;
			};
			name = Debug;
		};
		F557726D1B2C65C100DF2649 /* Release */ = {
			isa = XCBuildConfiguration;
			buildSettings = {
				INFOPLIST_FILE = InterestsUITests/Info.plist;
				LD_RUNPATH_SEARCH_PATHS = "$(inherited) @executable_path/Frameworks @loader_path/Frameworks";
				PRODUCT_BUNDLE_IDENTIFIER = com.developerinspirus.InterestsUITests;
				PRODUCT_NAME = "$(TARGET_NAME)";
				TEST_TARGET_NAME = Interests;
				USES_XCTRUNNER = YES;
			};
			name = Release;
		};
/* End XCBuildConfiguration section */

/* Begin XCConfigurationList section */
		F55772381B2C65C100DF2649 /* Build configuration list for PBXProject "Interests" */ = {
			isa = XCConfigurationList;
			buildConfigurations = (
				F55772631B2C65C100DF2649 /* Debug */,
				F55772641B2C65C100DF2649 /* Release */,
			);
			defaultConfigurationIsVisible = 0;
			defaultConfigurationName = Release;
		};
		F55772651B2C65C100DF2649 /* Build configuration list for PBXNativeTarget "Interests" */ = {
			isa = XCConfigurationList;
			buildConfigurations = (
				F55772661B2C65C100DF2649 /* Debug */,
				F55772671B2C65C100DF2649 /* Release */,
			);
			defaultConfigurationIsVisible = 0;
			defaultConfigurationName = Release;
		};
		F55772681B2C65C100DF2649 /* Build configuration list for PBXNativeTarget "InterestsTests" */ = {
			isa = XCConfigurationList;
			buildConfigurations = (
				F55772691B2C65C100DF2649 /* Debug */,
				F557726A1B2C65C100DF2649 /* Release */,
			);
			defaultConfigurationIsVisible = 0;
			defaultConfigurationName = Release;
		};
		F557726B1B2C65C100DF2649 /* Build configuration list for PBXNativeTarget "InterestsUITests" */ = {
			isa = XCConfigurationList;
			buildConfigurations = (
				F557726C1B2C65C100DF2649 /* Debug */,
				F557726D1B2C65C100DF2649 /* Release */,
			);
			defaultConfigurationIsVisible = 0;
			defaultConfigurationName = Release;
		};
/* End XCConfigurationList section */
	};
	rootObject = F55772351B2C65C100DF2649 /* Project object */;
}
